// !$*UTF8*$!
{
	archiveVersion = 1;
	classes = {
	};
	objectVersion = 46;
	objects = {

/* Begin PBXBuildFile section */
		046898061EA9B00200E4CC88 /* NWHub.m in Sources */ = {isa = PBXBuildFile; fileRef = 046897F91EA9B00200E4CC88 /* NWHub.m */; };
		046898071EA9B00200E4CC88 /* NWNotification.m in Sources */ = {isa = PBXBuildFile; fileRef = 046897FB1EA9B00200E4CC88 /* NWNotification.m */; };
		046898081EA9B00200E4CC88 /* NWPusher.m in Sources */ = {isa = PBXBuildFile; fileRef = 046897FD1EA9B00200E4CC88 /* NWPusher.m */; };
		046898091EA9B00200E4CC88 /* NWPushFeedback.m in Sources */ = {isa = PBXBuildFile; fileRef = 046897FF1EA9B00200E4CC88 /* NWPushFeedback.m */; };
		0468980A1EA9B00200E4CC88 /* NWSecTools.m in Sources */ = {isa = PBXBuildFile; fileRef = 046898011EA9B00200E4CC88 /* NWSecTools.m */; };
		0468980B1EA9B00200E4CC88 /* NWSSLConnection.m in Sources */ = {isa = PBXBuildFile; fileRef = 046898031EA9B00200E4CC88 /* NWSSLConnection.m */; };
		0468980C1EA9B00200E4CC88 /* NWType.m in Sources */ = {isa = PBXBuildFile; fileRef = 046898051EA9B00200E4CC88 /* NWType.m */; };
		0468980E1EA9B52F00E4CC88 /* apns-dev-cert.p12 in Resources */ = {isa = PBXBuildFile; fileRef = 0468980D1EA9B52F00E4CC88 /* apns-dev-cert.p12 */; };
		04F3E7F91EA5F7F70093507B /* main.m in Sources */ = {isa = PBXBuildFile; fileRef = 04F3E7F81EA5F7F70093507B /* main.m */; };
		04F3E7FC1EA5F7F70093507B /* AppDelegate.m in Sources */ = {isa = PBXBuildFile; fileRef = 04F3E7FB1EA5F7F70093507B /* AppDelegate.m */; };
		04F3E7FF1EA5F7F70093507B /* ViewController.m in Sources */ = {isa = PBXBuildFile; fileRef = 04F3E7FE1EA5F7F70093507B /* ViewController.m */; };
		04F3E8021EA5F7F70093507B /* Main.storyboard in Resources */ = {isa = PBXBuildFile; fileRef = 04F3E8001EA5F7F70093507B /* Main.storyboard */; };
		04F3E8051EA5F7F70093507B /* ____.xcdatamodeld in Sources */ = {isa = PBXBuildFile; fileRef = 04F3E8031EA5F7F70093507B /* ____.xcdatamodeld */; };
		04F3E8071EA5F7F70093507B /* Assets.xcassets in Resources */ = {isa = PBXBuildFile; fileRef = 04F3E8061EA5F7F70093507B /* Assets.xcassets */; };
		04F3E80A1EA5F7F70093507B /* LaunchScreen.storyboard in Resources */ = {isa = PBXBuildFile; fileRef = 04F3E8081EA5F7F70093507B /* LaunchScreen.storyboard */; };
		711988696DBF189C34FDD176 /* libPods-测试接口.a in Frameworks */ = {isa = PBXBuildFile; fileRef = F21813A010309365282AA1FE /* libPods-测试接口.a */; };
/* End PBXBuildFile section */

/* Begin PBXFileReference section */
		046897F81EA9B00200E4CC88 /* NWHub.h */ = {isa = PBXFileReference; fileEncoding = 4; lastKnownFileType = sourcecode.c.h; path = NWHub.h; sourceTree = "<group>"; };
		046897F91EA9B00200E4CC88 /* NWHub.m */ = {isa = PBXFileReference; fileEncoding = 4; lastKnownFileType = sourcecode.c.objc; path = NWHub.m; sourceTree = "<group>"; };
		046897FA1EA9B00200E4CC88 /* NWNotification.h */ = {isa = PBXFileReference; fileEncoding = 4; lastKnownFileType = sourcecode.c.h; path = NWNotification.h; sourceTree = "<group>"; };
		046897FB1EA9B00200E4CC88 /* NWNotification.m */ = {isa = PBXFileReference; fileEncoding = 4; lastKnownFileType = sourcecode.c.objc; path = NWNotification.m; sourceTree = "<group>"; };
		046897FC1EA9B00200E4CC88 /* NWPusher.h */ = {isa = PBXFileReference; fileEncoding = 4; lastKnownFileType = sourcecode.c.h; path = NWPusher.h; sourceTree = "<group>"; };
		046897FD1EA9B00200E4CC88 /* NWPusher.m */ = {isa = PBXFileReference; fileEncoding = 4; lastKnownFileType = sourcecode.c.objc; path = NWPusher.m; sourceTree = "<group>"; };
		046897FE1EA9B00200E4CC88 /* NWPushFeedback.h */ = {isa = PBXFileReference; fileEncoding = 4; lastKnownFileType = sourcecode.c.h; path = NWPushFeedback.h; sourceTree = "<group>"; };
		046897FF1EA9B00200E4CC88 /* NWPushFeedback.m */ = {isa = PBXFileReference; fileEncoding = 4; lastKnownFileType = sourcecode.c.objc; path = NWPushFeedback.m; sourceTree = "<group>"; };
		046898001EA9B00200E4CC88 /* NWSecTools.h */ = {isa = PBXFileReference; fileEncoding = 4; lastKnownFileType = sourcecode.c.h; path = NWSecTools.h; sourceTree = "<group>"; };
		046898011EA9B00200E4CC88 /* NWSecTools.m */ = {isa = PBXFileReference; fileEncoding = 4; lastKnownFileType = sourcecode.c.objc; path = NWSecTools.m; sourceTree = "<group>"; };
		046898021EA9B00200E4CC88 /* NWSSLConnection.h */ = {isa = PBXFileReference; fileEncoding = 4; lastKnownFileType = sourcecode.c.h; path = NWSSLConnection.h; sourceTree = "<group>"; };
		046898031EA9B00200E4CC88 /* NWSSLConnection.m */ = {isa = PBXFileReference; fileEncoding = 4; lastKnownFileType = sourcecode.c.objc; path = NWSSLConnection.m; sourceTree = "<group>"; };
		046898041EA9B00200E4CC88 /* NWType.h */ = {isa = PBXFileReference; fileEncoding = 4; lastKnownFileType = sourcecode.c.h; path = NWType.h; sourceTree = "<group>"; };
		046898051EA9B00200E4CC88 /* NWType.m */ = {isa = PBXFileReference; fileEncoding = 4; lastKnownFileType = sourcecode.c.objc; path = NWType.m; sourceTree = "<group>"; };
		0468980D1EA9B52F00E4CC88 /* apns-dev-cert.p12 */ = {isa = PBXFileReference; lastKnownFileType = file; path = "apns-dev-cert.p12"; sourceTree = "<group>"; };
		04F3E7F41EA5F7F70093507B /* 测试接口.app */ = {isa = PBXFileReference; explicitFileType = wrapper.application; includeInIndex = 0; path = "测试接口.app"; sourceTree = BUILT_PRODUCTS_DIR; };
		04F3E7F81EA5F7F70093507B /* main.m */ = {isa = PBXFileReference; lastKnownFileType = sourcecode.c.objc; path = main.m; sourceTree = "<group>"; };
		04F3E7FA1EA5F7F70093507B /* AppDelegate.h */ = {isa = PBXFileReference; lastKnownFileType = sourcecode.c.h; path = AppDelegate.h; sourceTree = "<group>"; };
		04F3E7FB1EA5F7F70093507B /* AppDelegate.m */ = {isa = PBXFileReference; lastKnownFileType = sourcecode.c.objc; path = AppDelegate.m; sourceTree = "<group>"; };
		04F3E7FD1EA5F7F70093507B /* ViewController.h */ = {isa = PBXFileReference; lastKnownFileType = sourcecode.c.h; path = ViewController.h; sourceTree = "<group>"; };
		04F3E7FE1EA5F7F70093507B /* ViewController.m */ = {isa = PBXFileReference; lastKnownFileType = sourcecode.c.objc; path = ViewController.m; sourceTree = "<group>"; };
		04F3E8011EA5F7F70093507B /* Base */ = {isa = PBXFileReference; lastKnownFileType = file.storyboard; name = Base; path = Base.lproj/Main.storyboard; sourceTree = "<group>"; };
		04F3E8041EA5F7F70093507B /* ____.xcdatamodel */ = {isa = PBXFileReference; lastKnownFileType = wrapper.xcdatamodel; path = "____.xcdatamodel"; sourceTree = "<group>"; };
		04F3E8061EA5F7F70093507B /* Assets.xcassets */ = {isa = PBXFileReference; lastKnownFileType = folder.assetcatalog; path = Assets.xcassets; sourceTree = "<group>"; };
		04F3E8091EA5F7F70093507B /* Base */ = {isa = PBXFileReference; lastKnownFileType = file.storyboard; name = Base; path = Base.lproj/LaunchScreen.storyboard; sourceTree = "<group>"; };
		04F3E80B1EA5F7F70093507B /* Info.plist */ = {isa = PBXFileReference; lastKnownFileType = text.plist.xml; path = Info.plist; sourceTree = "<group>"; };
		279A56F3F70DC93F6EA65E62 /* Pods-测试接口.debug.xcconfig */ = {isa = PBXFileReference; includeInIndex = 1; lastKnownFileType = text.xcconfig; name = "Pods-测试接口.debug.xcconfig"; path = "Pods/Target Support Files/Pods-测试接口/Pods-测试接口.debug.xcconfig"; sourceTree = "<group>"; };
		E9E8B3F35442161F5ECAE53B /* Pods-测试接口.release.xcconfig */ = {isa = PBXFileReference; includeInIndex = 1; lastKnownFileType = text.xcconfig; name = "Pods-测试接口.release.xcconfig"; path = "Pods/Target Support Files/Pods-测试接口/Pods-测试接口.release.xcconfig"; sourceTree = "<group>"; };
		F21813A010309365282AA1FE /* libPods-测试接口.a */ = {isa = PBXFileReference; explicitFileType = archive.ar; includeInIndex = 0; path = "libPods-测试接口.a"; sourceTree = BUILT_PRODUCTS_DIR; };
/* End PBXFileReference section */

/* Begin PBXFrameworksBuildPhase section */
		04F3E7F11EA5F7F70093507B /* Frameworks */ = {
			isa = PBXFrameworksBuildPhase;
			buildActionMask = 2147483647;
			files = (
				711988696DBF189C34FDD176 /* libPods-测试接口.a in Frameworks */,
			);
			runOnlyForDeploymentPostprocessing = 0;
		};
/* End PBXFrameworksBuildPhase section */

/* Begin PBXGroup section */
		046897F71EA9B00200E4CC88 /* Classes */ = {
			isa = PBXGroup;
			children = (
				0468980D1EA9B52F00E4CC88 /* apns-dev-cert.p12 */,
				046897F81EA9B00200E4CC88 /* NWHub.h */,
				046897F91EA9B00200E4CC88 /* NWHub.m */,
				046897FA1EA9B00200E4CC88 /* NWNotification.h */,
				046897FB1EA9B00200E4CC88 /* NWNotification.m */,
				046897FC1EA9B00200E4CC88 /* NWPusher.h */,
				046897FD1EA9B00200E4CC88 /* NWPusher.m */,
				046897FE1EA9B00200E4CC88 /* NWPushFeedback.h */,
				046897FF1EA9B00200E4CC88 /* NWPushFeedback.m */,
				046898001EA9B00200E4CC88 /* NWSecTools.h */,
				046898011EA9B00200E4CC88 /* NWSecTools.m */,
				046898021EA9B00200E4CC88 /* NWSSLConnection.h */,
				046898031EA9B00200E4CC88 /* NWSSLConnection.m */,
				046898041EA9B00200E4CC88 /* NWType.h */,
				046898051EA9B00200E4CC88 /* NWType.m */,
			);
			path = Classes;
			sourceTree = "<group>";
		};
		04F3E7EB1EA5F7F70093507B = {
			isa = PBXGroup;
			children = (
				046897F71EA9B00200E4CC88 /* Classes */,
				04F3E7F61EA5F7F70093507B /* 测试接口 */,
				04F3E7F51EA5F7F70093507B /* Products */,
				29438B8DFCECE49A852BE624 /* Pods */,
				D5B96F2829C55BE38BBFC344 /* Frameworks */,
			);
			sourceTree = "<group>";
		};
		04F3E7F51EA5F7F70093507B /* Products */ = {
			isa = PBXGroup;
			children = (
				04F3E7F41EA5F7F70093507B /* 测试接口.app */,
			);
			name = Products;
			sourceTree = "<group>";
		};
		04F3E7F61EA5F7F70093507B /* 测试接口 */ = {
			isa = PBXGroup;
			children = (
				04F3E7FA1EA5F7F70093507B /* AppDelegate.h */,
				04F3E7FB1EA5F7F70093507B /* AppDelegate.m */,
				04F3E7FD1EA5F7F70093507B /* ViewController.h */,
				04F3E7FE1EA5F7F70093507B /* ViewController.m */,
				04F3E8001EA5F7F70093507B /* Main.storyboard */,
				04F3E8061EA5F7F70093507B /* Assets.xcassets */,
				04F3E8081EA5F7F70093507B /* LaunchScreen.storyboard */,
				04F3E80B1EA5F7F70093507B /* Info.plist */,
				04F3E8031EA5F7F70093507B /* ____.xcdatamodeld */,
				04F3E7F71EA5F7F70093507B /* Supporting Files */,
			);
			path = "测试接口";
			sourceTree = "<group>";
		};
		04F3E7F71EA5F7F70093507B /* Supporting Files */ = {
			isa = PBXGroup;
			children = (
				04F3E7F81EA5F7F70093507B /* main.m */,
			);
			name = "Supporting Files";
			sourceTree = "<group>";
		};
		29438B8DFCECE49A852BE624 /* Pods */ = {
			isa = PBXGroup;
			children = (
				279A56F3F70DC93F6EA65E62 /* Pods-测试接口.debug.xcconfig */,
				E9E8B3F35442161F5ECAE53B /* Pods-测试接口.release.xcconfig */,
			);
			name = Pods;
			sourceTree = "<group>";
		};
		D5B96F2829C55BE38BBFC344 /* Frameworks */ = {
			isa = PBXGroup;
			children = (
				F21813A010309365282AA1FE /* libPods-测试接口.a */,
			);
			name = Frameworks;
			sourceTree = "<group>";
		};
/* End PBXGroup section */

/* Begin PBXNativeTarget section */
		04F3E7F31EA5F7F70093507B /* 测试接口 */ = {
			isa = PBXNativeTarget;
			buildConfigurationList = 04F3E80E1EA5F7F70093507B /* Build configuration list for PBXNativeTarget "测试接口" */;
			buildPhases = (
				50D6EE67BDD25895DF0E9648 /* [CP] Check Pods Manifest.lock */,
				04F3E7F01EA5F7F70093507B /* Sources */,
				04F3E7F11EA5F7F70093507B /* Frameworks */,
				04F3E7F21EA5F7F70093507B /* Resources */,
				EB0820EE43F3573F222A022C /* [CP] Embed Pods Frameworks */,
				D6AAB7F9914EBFA80EA82F98 /* [CP] Copy Pods Resources */,
			);
			buildRules = (
			);
			dependencies = (
			);
			name = "测试接口";
			productName = "测试接口";
			productReference = 04F3E7F41EA5F7F70093507B /* 测试接口.app */;
			productType = "com.apple.product-type.application";
		};
/* End PBXNativeTarget section */

/* Begin PBXProject section */
		04F3E7EC1EA5F7F70093507B /* Project object */ = {
			isa = PBXProject;
			attributes = {
				LastUpgradeCheck = 0830;
				ORGANIZATIONNAME = mac;
				TargetAttributes = {
					04F3E7F31EA5F7F70093507B = {
						CreatedOnToolsVersion = 8.3;
						ProvisioningStyle = Automatic;
					};
				};
			};
			buildConfigurationList = 04F3E7EF1EA5F7F70093507B /* Build configuration list for PBXProject "测试接口" */;
			compatibilityVersion = "Xcode 3.2";
			developmentRegion = English;
			hasScannedForEncodings = 0;
			knownRegions = (
				en,
				Base,
			);
			mainGroup = 04F3E7EB1EA5F7F70093507B;
			productRefGroup = 04F3E7F51EA5F7F70093507B /* Products */;
			projectDirPath = "";
			projectRoot = "";
			targets = (
				04F3E7F31EA5F7F70093507B /* 测试接口 */,
			);
		};
/* End PBXProject section */

/* Begin PBXResourcesBuildPhase section */
		04F3E7F21EA5F7F70093507B /* Resources */ = {
			isa = PBXResourcesBuildPhase;
			buildActionMask = 2147483647;
			files = (
				04F3E80A1EA5F7F70093507B /* LaunchScreen.storyboard in Resources */,
				04F3E8071EA5F7F70093507B /* Assets.xcassets in Resources */,
				04F3E8021EA5F7F70093507B /* Main.storyboard in Resources */,
				0468980E1EA9B52F00E4CC88 /* apns-dev-cert.p12 in Resources */,
			);
			runOnlyForDeploymentPostprocessing = 0;
		};
/* End PBXResourcesBuildPhase section */

/* Begin PBXShellScriptBuildPhase section */
		50D6EE67BDD25895DF0E9648 /* [CP] Check Pods Manifest.lock */ = {
			isa = PBXShellScriptBuildPhase;
			buildActionMask = 2147483647;
			files = (
			);
			inputPaths = (
			);
			name = "[CP] Check Pods Manifest.lock";
			outputPaths = (
			);
			runOnlyForDeploymentPostprocessing = 0;
			shellPath = /bin/sh;
			shellScript = "diff \"${PODS_ROOT}/../Podfile.lock\" \"${PODS_ROOT}/Manifest.lock\" > /dev/null\nif [ $? != 0 ] ; then\n    # print error to STDERR\n    echo \"error: The sandbox is not in sync with the Podfile.lock. Run 'pod install' or update your CocoaPods installation.\" >&2\n    exit 1\nfi\n";
			showEnvVarsInLog = 0;
		};
		D6AAB7F9914EBFA80EA82F98 /* [CP] Copy Pods Resources */ = {
			isa = PBXShellScriptBuildPhase;
			buildActionMask = 2147483647;
			files = (
			);
			inputPaths = (
			);
			name = "[CP] Copy Pods Resources";
			outputPaths = (
			);
			runOnlyForDeploymentPostprocessing = 0;
			shellPath = /bin/sh;
			shellScript = "\"${SRCROOT}/Pods/Target Support Files/Pods-测试接口/Pods-测试接口-resources.sh\"\n";
			showEnvVarsInLog = 0;
		};
		EB0820EE43F3573F222A022C /* [CP] Embed Pods Frameworks */ = {
			isa = PBXShellScriptBuildPhase;
			buildActionMask = 2147483647;
			files = (
			);
			inputPaths = (
			);
			name = "[CP] Embed Pods Frameworks";
			outputPaths = (
			);
			runOnlyForDeploymentPostprocessing = 0;
			shellPath = /bin/sh;
			shellScript = "\"${SRCROOT}/Pods/Target Support Files/Pods-测试接口/Pods-测试接口-frameworks.sh\"\n";
			showEnvVarsInLog = 0;
		};
/* End PBXShellScriptBuildPhase section */

/* Begin PBXSourcesBuildPhase section */
		04F3E7F01EA5F7F70093507B /* Sources */ = {
			isa = PBXSourcesBuildPhase;
			buildActionMask = 2147483647;
			files = (
				0468980A1EA9B00200E4CC88 /* NWSecTools.m in Sources */,
				0468980B1EA9B00200E4CC88 /* NWSSLConnection.m in Sources */,
				046898081EA9B00200E4CC88 /* NWPusher.m in Sources */,
				04F3E7FF1EA5F7F70093507B /* ViewController.m in Sources */,
				046898071EA9B00200E4CC88 /* NWNotification.m in Sources */,
				04F3E8051EA5F7F70093507B /* ____.xcdatamodeld in Sources */,
				0468980C1EA9B00200E4CC88 /* NWType.m in Sources */,
				04F3E7FC1EA5F7F70093507B /* AppDelegate.m in Sources */,
				046898091EA9B00200E4CC88 /* NWPushFeedback.m in Sources */,
				046898061EA9B00200E4CC88 /* NWHub.m in Sources */,
				04F3E7F91EA5F7F70093507B /* main.m in Sources */,
			);
			runOnlyForDeploymentPostprocessing = 0;
		};
/* End PBXSourcesBuildPhase section */

/* Begin PBXVariantGroup section */
		04F3E8001EA5F7F70093507B /* Main.storyboard */ = {
			isa = PBXVariantGroup;
			children = (
				04F3E8011EA5F7F70093507B /* Base */,
			);
			name = Main.storyboard;
			sourceTree = "<group>";
		};
		04F3E8081EA5F7F70093507B /* LaunchScreen.storyboard */ = {
			isa = PBXVariantGroup;
			children = (
				04F3E8091EA5F7F70093507B /* Base */,
			);
			name = LaunchScreen.storyboard;
			sourceTree = "<group>";
		};
/* End PBXVariantGroup section */

/* Begin XCBuildConfiguration section */
		04F3E80C1EA5F7F70093507B /* Debug */ = {
			isa = XCBuildConfiguration;
			buildSettings = {
				ALWAYS_SEARCH_USER_PATHS = NO;
				CLANG_ANALYZER_NONNULL = YES;
				CLANG_ANALYZER_NUMBER_OBJECT_CONVERSION = YES_AGGRESSIVE;
				CLANG_CXX_LANGUAGE_STANDARD = "gnu++0x";
				CLANG_CXX_LIBRARY = "libc++";
				CLANG_ENABLE_MODULES = YES;
				CLANG_ENABLE_OBJC_ARC = YES;
				CLANG_WARN_BOOL_CONVERSION = YES;
				CLANG_WARN_CONSTANT_CONVERSION = YES;
				CLANG_WARN_DIRECT_OBJC_ISA_USAGE = YES_ERROR;
				CLANG_WARN_DOCUMENTATION_COMMENTS = YES;
				CLANG_WARN_EMPTY_BODY = YES;
				CLANG_WARN_ENUM_CONVERSION = YES;
				CLANG_WARN_INFINITE_RECURSION = YES;
				CLANG_WARN_INT_CONVERSION = YES;
				CLANG_WARN_OBJC_ROOT_CLASS = YES_ERROR;
				CLANG_WARN_SUSPICIOUS_MOVE = YES;
				CLANG_WARN_UNREACHABLE_CODE = YES;
				CLANG_WARN__DUPLICATE_METHOD_MATCH = YES;
				"CODE_SIGN_IDENTITY[sdk=iphoneos*]" = "iPhone Developer";
				COPY_PHASE_STRIP = NO;
				DEBUG_INFORMATION_FORMAT = dwarf;
				ENABLE_STRICT_OBJC_MSGSEND = YES;
				ENABLE_TESTABILITY = YES;
				GCC_C_LANGUAGE_STANDARD = gnu99;
				GCC_DYNAMIC_NO_PIC = NO;
				GCC_NO_COMMON_BLOCKS = YES;
				GCC_OPTIMIZATION_LEVEL = 0;
				GCC_PREPROCESSOR_DEFINITIONS = (
					"DEBUG=1",
					"$(inherited)",
				);
				GCC_WARN_64_TO_32_BIT_CONVERSION = YES;
				GCC_WARN_ABOUT_RETURN_TYPE = YES_ERROR;
				GCC_WARN_UNDECLARED_SELECTOR = YES;
				GCC_WARN_UNINITIALIZED_AUTOS = YES_AGGRESSIVE;
				GCC_WARN_UNUSED_FUNCTION = YES;
				GCC_WARN_UNUSED_VARIABLE = YES;
				IPHONEOS_DEPLOYMENT_TARGET = 10.3;
				MTL_ENABLE_DEBUG_INFO = YES;
				ONLY_ACTIVE_ARCH = YES;
				SDKROOT = iphoneos;
				TARGETED_DEVICE_FAMILY = "1,2";
			};
			name = Debug;
		};
		04F3E80D1EA5F7F70093507B /* Release */ = {
			isa = XCBuildConfiguration;
			buildSettings = {
				ALWAYS_SEARCH_USER_PATHS = NO;
				CLANG_ANALYZER_NONNULL = YES;
				CLANG_ANALYZER_NUMBER_OBJECT_CONVERSION = YES_AGGRESSIVE;
				CLANG_CXX_LANGUAGE_STANDARD = "gnu++0x";
				CLANG_CXX_LIBRARY = "libc++";
				CLANG_ENABLE_MODULES = YES;
				CLANG_ENABLE_OBJC_ARC = YES;
				CLANG_WARN_BOOL_CONVERSION = YES;
				CLANG_WARN_CONSTANT_CONVERSION = YES;
				CLANG_WARN_DIRECT_OBJC_ISA_USAGE = YES_ERROR;
				CLANG_WARN_DOCUMENTATION_COMMENTS = YES;
				CLANG_WARN_EMPTY_BODY = YES;
				CLANG_WARN_ENUM_CONVERSION = YES;
				CLANG_WARN_INFINITE_RECURSION = YES;
				CLANG_WARN_INT_CONVERSION = YES;
				CLANG_WARN_OBJC_ROOT_CLASS = YES_ERROR;
				CLANG_WARN_SUSPICIOUS_MOVE = YES;
				CLANG_WARN_UNREACHABLE_CODE = YES;
				CLANG_WARN__DUPLICATE_METHOD_MATCH = YES;
				"CODE_SIGN_IDENTITY[sdk=iphoneos*]" = "iPhone Developer";
				COPY_PHASE_STRIP = NO;
				DEBUG_INFORMATION_FORMAT = "dwarf-with-dsym";
				ENABLE_NS_ASSERTIONS = NO;
				ENABLE_STRICT_OBJC_MSGSEND = YES;
				GCC_C_LANGUAGE_STANDARD = gnu99;
				GCC_NO_COMMON_BLOCKS = YES;
				GCC_WARN_64_TO_32_BIT_CONVERSION = YES;
				GCC_WARN_ABOUT_RETURN_TYPE = YES_ERROR;
				GCC_WARN_UNDECLARED_SELECTOR = YES;
				GCC_WARN_UNINITIALIZED_AUTOS = YES_AGGRESSIVE;
				GCC_WARN_UNUSED_FUNCTION = YES;
				GCC_WARN_UNUSED_VARIABLE = YES;
				IPHONEOS_DEPLOYMENT_TARGET = 10.3;
				MTL_ENABLE_DEBUG_INFO = NO;
				SDKROOT = iphoneos;
				TARGETED_DEVICE_FAMILY = "1,2";
				VALIDATE_PRODUCT = YES;
			};
			name = Release;
		};
		04F3E80F1EA5F7F70093507B /* Debug */ = {
			isa = XCBuildConfiguration;
			baseConfigurationReference = 279A56F3F70DC93F6EA65E62 /* Pods-测试接口.debug.xcconfig */;
			buildSettings = {
				ASSETCATALOG_COMPILER_APPICON_NAME = AppIcon;
				INFOPLIST_FILE = "测试接口/Info.plist";
				LD_RUNPATH_SEARCH_PATHS = "$(inherited) @executable_path/Frameworks";
				PRODUCT_BUNDLE_IDENTIFIER = "dd.----";
				PRODUCT_NAME = "$(TARGET_NAME)";
			};
			name = Debug;
		};
		04F3E8101EA5F7F70093507B /* Release */ = {
			isa = XCBuildConfiguration;
			baseConfigurationReference = E9E8B3F35442161F5ECAE53B /* Pods-测试接口.release.xcconfig */;
			buildSettings = {
				ASSETCATALOG_COMPILER_APPICON_NAME = AppIcon;
				INFOPLIST_FILE = "测试接口/Info.plist";
				LD_RUNPATH_SEARCH_PATHS = "$(inherited) @executable_path/Frameworks";
				PRODUCT_BUNDLE_IDENTIFIER = "dd.----";
				PRODUCT_NAME = "$(TARGET_NAME)";
			};
			name = Release;
		};
/* End XCBuildConfiguration section */

/* Begin XCConfigurationList section */
		04F3E7EF1EA5F7F70093507B /* Build configuration list for PBXProject "测试接口" */ = {
			isa = XCConfigurationList;
			buildConfigurations = (
				04F3E80C1EA5F7F70093507B /* Debug */,
				04F3E80D1EA5F7F70093507B /* Release */,
			);
			defaultConfigurationIsVisible = 0;
			defaultConfigurationName = Release;
		};
		04F3E80E1EA5F7F70093507B /* Build configuration list for PBXNativeTarget "测试接口" */ = {
			isa = XCConfigurationList;
			buildConfigurations = (
				04F3E80F1EA5F7F70093507B /* Debug */,
				04F3E8101EA5F7F70093507B /* Release */,
			);
			defaultConfigurationIsVisible = 0;
			defaultConfigurationName = Release;
		};
/* End XCConfigurationList section */

/* Begin XCVersionGroup section */
		04F3E8031EA5F7F70093507B /* ____.xcdatamodeld */ = {
			isa = XCVersionGroup;
			children = (
				04F3E8041EA5F7F70093507B /* ____.xcdatamodel */,
			);
			currentVersion = 04F3E8041EA5F7F70093507B /* ____.xcdatamodel */;
			path = "____.xcdatamodeld";
			sourceTree = "<group>";
			versionGroupType = wrapper.xcdatamodel;
		};
/* End XCVersionGroup section */
	};
	rootObject = 04F3E7EC1EA5F7F70093507B /* Project object */;
}
